
Microsoft Visual Studio Solution File, Format Version 12.00
# Visual Studio Version 17
VisualStudioVersion = 17.11.35312.102
MinimumVisualStudioVersion = 10.0.40219.1
Project("{8BC9CEB8-8B4A-11D0-8D11-00A0C91BC942}") = "assignment3", "assignment3.vcxproj", "{44B998D3-B36D-40F2-9664-BE0EF7FCCD5B}"
EndProject
Global
	GlobalSection(SolutionConfigurationPlatforms) = preSolution
		Debug|x64 = Debug|x64
		Debug|x86 = Debug|x86
		Release|x64 = Release|x64
		Release|x86 = Release|x86
	EndGlobalSection
	GlobalSection(ProjectConfigurationPlatforms) = postSolution
		{44B998D3-B36D-40F2-9664-BE0EF7FCCD5B}.Debug|x64.ActiveCfg = Debug|x64
		{44B998D3-B36D-40F2-9664-BE0EF7FCCD5B}.Debug|x64.Build.0 = Debug|x64
		{44B998D3-B36D-40F2-9664-BE0EF7FCCD5B}.Debug|x86.ActiveCfg = Debug|Win32
		{44B998D3-B36D-40F2-9664-BE0EF7FCCD5B}.Debug|x86.Build.0 = Debug|Win32
		{44B998D3-B36D-40F2-9664-BE0EF7FCCD5B}.Release|x64.ActiveCfg = Release|x64
		{44B998D3-B36D-40F2-9664-BE0EF7FCCD5B}.Release|x64.Build.0 = Release|x64
		{44B998D3-B36D-40F2-9664-BE0EF7FCCD5B}.Release|x86.ActiveCfg = Release|Win32
		{44B998D3-B36D-40F2-9664-BE0EF7FCCD5B}.Release|x86.Build.0 = Release|Win32
	EndGlobalSection
	GlobalSection(SolutionProperties) = preSolution
		HideSolutionNode = FALSE
	EndGlobalSection
	GlobalSection(ExtensibilityGlobals) = postSolution
		SolutionGuid = {692A9868-5984-44AE-AD45-92A026BCD071}
	EndGlobalSection
EndGlobal
